// !$*UTF8*$!
{
	archiveVersion = 1;
	classes = {
	};
	objectVersion = 50;
	objects = {

/* Begin PBXBuildFile section */
		27F3773D25B73DF100F366AD /* AppDelegate.swift in Sources */ = {isa = PBXBuildFile; fileRef = 27F3773C25B73DF100F366AD /* AppDelegate.swift */; };
		27F3773F25B73DF100F366AD /* SceneDelegate.swift in Sources */ = {isa = PBXBuildFile; fileRef = 27F3773E25B73DF100F366AD /* SceneDelegate.swift */; };
		27F3774125B73DF100F366AD /* ViewController.swift in Sources */ = {isa = PBXBuildFile; fileRef = 27F3774025B73DF100F366AD /* ViewController.swift */; };
		27F3774425B73DF100F366AD /* Main.storyboard in Resources */ = {isa = PBXBuildFile; fileRef = 27F3774225B73DF100F366AD /* Main.storyboard */; };
		27F3774625B73DF300F366AD /* Assets.xcassets in Resources */ = {isa = PBXBuildFile; fileRef = 27F3774525B73DF300F366AD /* Assets.xcassets */; };
		27F3774925B73DF300F366AD /* LaunchScreen.storyboard in Resources */ = {isa = PBXBuildFile; fileRef = 27F3774725B73DF300F366AD /* LaunchScreen.storyboard */; };
		27F3775225B73ED300F366AD /* AccessoryTableViewCell.swift in Sources */ = {isa = PBXBuildFile; fileRef = 27F3775125B73ED300F366AD /* AccessoryTableViewCell.swift */; };
		27F3775525B74A0800F366AD /* SeparatorViewController.swift in Sources */ = {isa = PBXBuildFile; fileRef = 27F3775425B74A0800F366AD /* SeparatorViewController.swift */; };
		27F3775825B7535B00F366AD /* TableViewCellViewController.swift in Sources */ = {isa = PBXBuildFile; fileRef = 27F3775725B7535B00F366AD /* TableViewCellViewController.swift */; };
		27F3775B25B753B100F366AD /* DetailViewController.swift in Sources */ = {isa = PBXBuildFile; fileRef = 27F3775A25B753B100F366AD /* DetailViewController.swift */; };
		27F3776025B81A1600F366AD /* AccessoryViewController.swift in Sources */ = {isa = PBXBuildFile; fileRef = 27F3775F25B81A1600F366AD /* AccessoryViewController.swift */; };
		27F3776325B8447F00F366AD /* CustomAccTableViewCell.swift in Sources */ = {isa = PBXBuildFile; fileRef = 27F3776225B8447F00F366AD /* CustomAccTableViewCell.swift */; };
		27F3776B25B84E3F00F366AD /* SelfSizingViewController.swift in Sources */ = {isa = PBXBuildFile; fileRef = 27F3776A25B84E3F00F366AD /* SelfSizingViewController.swift */; };
/* End PBXBuildFile section */

/* Begin PBXFileReference section */
		27F3773925B73DF100F366AD /* tableView.app */ = {isa = PBXFileReference; explicitFileType = wrapper.application; includeInIndex = 0; path = tableView.app; sourceTree = BUILT_PRODUCTS_DIR; };
		27F3773C25B73DF100F366AD /* AppDelegate.swift */ = {isa = PBXFileReference; lastKnownFileType = sourcecode.swift; path = AppDelegate.swift; sourceTree = "<group>"; };
		27F3773E25B73DF100F366AD /* SceneDelegate.swift */ = {isa = PBXFileReference; lastKnownFileType = sourcecode.swift; path = SceneDelegate.swift; sourceTree = "<group>"; };
		27F3774025B73DF100F366AD /* ViewController.swift */ = {isa = PBXFileReference; lastKnownFileType = sourcecode.swift; path = ViewController.swift; sourceTree = "<group>"; };
		27F3774325B73DF100F366AD /* Base */ = {isa = PBXFileReference; lastKnownFileType = file.storyboard; name = Base; path = Base.lproj/Main.storyboard; sourceTree = "<group>"; };
		27F3774525B73DF300F366AD /* Assets.xcassets */ = {isa = PBXFileReference; lastKnownFileType = folder.assetcatalog; path = Assets.xcassets; sourceTree = "<group>"; };
		27F3774825B73DF300F366AD /* Base */ = {isa = PBXFileReference; lastKnownFileType = file.storyboard; name = Base; path = Base.lproj/LaunchScreen.storyboard; sourceTree = "<group>"; };
		27F3774A25B73DF300F366AD /* Info.plist */ = {isa = PBXFileReference; lastKnownFileType = text.plist.xml; path = Info.plist; sourceTree = "<group>"; };
		27F3775125B73ED300F366AD /* AccessoryTableViewCell.swift */ = {isa = PBXFileReference; lastKnownFileType = sourcecode.swift; path = AccessoryTableViewCell.swift; sourceTree = "<group>"; };
		27F3775425B74A0800F366AD /* SeparatorViewController.swift */ = {isa = PBXFileReference; lastKnownFileType = sourcecode.swift; path = SeparatorViewController.swift; sourceTree = "<group>"; };
		27F3775725B7535B00F366AD /* TableViewCellViewController.swift */ = {isa = PBXFileReference; lastKnownFileType = sourcecode.swift; path = TableViewCellViewController.swift; sourceTree = "<group>"; };
		27F3775A25B753B100F366AD /* DetailViewController.swift */ = {isa = PBXFileReference; lastKnownFileType = sourcecode.swift; path = DetailViewController.swift; sourceTree = "<group>"; };
		27F3775F25B81A1600F366AD /* AccessoryViewController.swift */ = {isa = PBXFileReference; lastKnownFileType = sourcecode.swift; path = AccessoryViewController.swift; sourceTree = "<group>"; };
		27F3776225B8447F00F366AD /* CustomAccTableViewCell.swift */ = {isa = PBXFileReference; lastKnownFileType = sourcecode.swift; path = CustomAccTableViewCell.swift; sourceTree = "<group>"; };
		27F3776A25B84E3F00F366AD /* SelfSizingViewController.swift */ = {isa = PBXFileReference; lastKnownFileType = sourcecode.swift; path = SelfSizingViewController.swift; sourceTree = "<group>"; };
/* End PBXFileReference section */

/* Begin PBXFrameworksBuildPhase section */
		27F3773625B73DF100F366AD /* Frameworks */ = {
			isa = PBXFrameworksBuildPhase;
			buildActionMask = 2147483647;
			files = (
			);
			runOnlyForDeploymentPostprocessing = 0;
		};
/* End PBXFrameworksBuildPhase section */

/* Begin PBXGroup section */
		27F3773025B73DF100F366AD = {
			isa = PBXGroup;
			children = (
				27F3773B25B73DF100F366AD /* tableView */,
				27F3773A25B73DF100F366AD /* Products */,
			);
			sourceTree = "<group>";
		};
		27F3773A25B73DF100F366AD /* Products */ = {
			isa = PBXGroup;
			children = (
				27F3773925B73DF100F366AD /* tableView.app */,
			);
			name = Products;
			sourceTree = "<group>";
		};
		27F3773B25B73DF100F366AD /* tableView */ = {
			isa = PBXGroup;
			children = (
				27F3773C25B73DF100F366AD /* AppDelegate.swift */,
				27F3773E25B73DF100F366AD /* SceneDelegate.swift */,
				27F3774025B73DF100F366AD /* ViewController.swift */,
				27F3775125B73ED300F366AD /* AccessoryTableViewCell.swift */,
				27F3775F25B81A1600F366AD /* AccessoryViewController.swift */,
				27F3776225B8447F00F366AD /* CustomAccTableViewCell.swift */,
				27F3775425B74A0800F366AD /* SeparatorViewController.swift */,
				27F3775725B7535B00F366AD /* TableViewCellViewController.swift */,
				27F3775A25B753B100F366AD /* DetailViewController.swift */,
				27F3776A25B84E3F00F366AD /* SelfSizingViewController.swift */,
				27F3774225B73DF100F366AD /* Main.storyboard */,
				27F3774525B73DF300F366AD /* Assets.xcassets */,
				27F3774725B73DF300F366AD /* LaunchScreen.storyboard */,
				27F3774A25B73DF300F366AD /* Info.plist */,
			);
			path = tableView;
			sourceTree = "<group>";
		};
/* End PBXGroup section */

/* Begin PBXNativeTarget section */
		27F3773825B73DF100F366AD /* tableView */ = {
			isa = PBXNativeTarget;
			buildConfigurationList = 27F3774D25B73DF300F366AD /* Build configuration list for PBXNativeTarget "tableView" */;
			buildPhases = (
				27F3773525B73DF100F366AD /* Sources */,
				27F3773625B73DF100F366AD /* Frameworks */,
				27F3773725B73DF100F366AD /* Resources */,
			);
			buildRules = (
			);
			dependencies = (
			);
			name = tableView;
			productName = tableView;
			productReference = 27F3773925B73DF100F366AD /* tableView.app */;
			productType = "com.apple.product-type.application";
		};
/* End PBXNativeTarget section */

/* Begin PBXProject section */
		27F3773125B73DF100F366AD /* Project object */ = {
			isa = PBXProject;
			attributes = {
				LastSwiftUpdateCheck = 1230;
				LastUpgradeCheck = 1230;
				TargetAttributes = {
					27F3773825B73DF100F366AD = {
						CreatedOnToolsVersion = 12.3;
					};
				};
			};
			buildConfigurationList = 27F3773425B73DF100F366AD /* Build configuration list for PBXProject "tableView" */;
			compatibilityVersion = "Xcode 9.3";
			developmentRegion = en;
			hasScannedForEncodings = 0;
			knownRegions = (
				en,
				Base,
			);
			mainGroup = 27F3773025B73DF100F366AD;
			productRefGroup = 27F3773A25B73DF100F366AD /* Products */;
			projectDirPath = "";
			projectRoot = "";
			targets = (
				27F3773825B73DF100F366AD /* tableView */,
			);
		};
/* End PBXProject section */

/* Begin PBXResourcesBuildPhase section */
		27F3773725B73DF100F366AD /* Resources */ = {
			isa = PBXResourcesBuildPhase;
			buildActionMask = 2147483647;
			files = (
				27F3774925B73DF300F366AD /* LaunchScreen.storyboard in Resources */,
				27F3774625B73DF300F366AD /* Assets.xcassets in Resources */,
				27F3774425B73DF100F366AD /* Main.storyboard in Resources */,
			);
			runOnlyForDeploymentPostprocessing = 0;
		};
/* End PBXResourcesBuildPhase section */

/* Begin PBXSourcesBuildPhase section */
		27F3773525B73DF100F366AD /* Sources */ = {
			isa = PBXSourcesBuildPhase;
			buildActionMask = 2147483647;
			files = (
				27F3774125B73DF100F366AD /* ViewController.swift in Sources */,
				27F3775525B74A0800F366AD /* SeparatorViewController.swift in Sources */,
				27F3775825B7535B00F366AD /* TableViewCellViewController.swift in Sources */,
				27F3776325B8447F00F366AD /* CustomAccTableViewCell.swift in Sources */,
				27F3776025B81A1600F366AD /* AccessoryViewController.swift in Sources */,
				27F3773D25B73DF100F366AD /* AppDelegate.swift in Sources */,
				27F3776B25B84E3F00F366AD /* SelfSizingViewController.swift in Sources */,
				27F3775225B73ED300F366AD /* AccessoryTableViewCell.swift in Sources */,
				27F3773F25B73DF100F366AD /* SceneDelegate.swift in Sources */,
				27F3775B25B753B100F366AD /* DetailViewController.swift in Sources */,
			);
			runOnlyForDeploymentPostprocessing = 0;
		};
/* End PBXSourcesBuildPhase section */

/* Begin PBXVariantGroup section */
		27F3774225B73DF100F366AD /* Main.storyboard */ = {
			isa = PBXVariantGroup;
			children = (
				27F3774325B73DF100F366AD /* Base */,
			);
			name = Main.storyboard;
			sourceTree = "<group>";
		};
		27F3774725B73DF300F366AD /* LaunchScreen.storyboard */ = {
			isa = PBXVariantGroup;
			children = (
				27F3774825B73DF300F366AD /* Base */,
			);
			name = LaunchScreen.storyboard;
			sourceTree = "<group>";
		};
/* End PBXVariantGroup section */

/* Begin XCBuildConfiguration section */
		27F3774B25B73DF300F366AD /* Debug */ = {
			isa = XCBuildConfiguration;
			buildSettings = {
				ALWAYS_SEARCH_USER_PATHS = NO;
				CLANG_ANALYZER_NONNULL = YES;
				CLANG_ANALYZER_NUMBER_OBJECT_CONVERSION = YES_AGGRESSIVE;
				CLANG_CXX_LANGUAGE_STANDARD = "gnu++14";
				CLANG_CXX_LIBRARY = "libc++";
				CLANG_ENABLE_MODULES = YES;
				CLANG_ENABLE_OBJC_ARC = YES;
				CLANG_ENABLE_OBJC_WEAK = YES;
				CLANG_WARN_BLOCK_CAPTURE_AUTORELEASING = YES;
				CLANG_WARN_BOOL_CONVERSION = YES;
				CLANG_WARN_COMMA = YES;
				CLANG_WARN_CONSTANT_CONVERSION = YES;
				CLANG_WARN_DEPRECATED_OBJC_IMPLEMENTATIONS = YES;
				CLANG_WARN_DIRECT_OBJC_ISA_USAGE = YES_ERROR;
				CLANG_WARN_DOCUMENTATION_COMMENTS = YES;
				CLANG_WARN_EMPTY_BODY = YES;
				CLANG_WARN_ENUM_CONVERSION = YES;
				CLANG_WARN_INFINITE_RECURSION = YES;
				CLANG_WARN_INT_CONVERSION = YES;
				CLANG_WARN_NON_LITERAL_NULL_CONVERSION = YES;
				CLANG_WARN_OBJC_IMPLICIT_RETAIN_SELF = YES;
				CLANG_WARN_OBJC_LITERAL_CONVERSION = YES;
				CLANG_WARN_OBJC_ROOT_CLASS = YES_ERROR;
				CLANG_WARN_QUOTED_INCLUDE_IN_FRAMEWORK_HEADER = YES;
				CLANG_WARN_RANGE_LOOP_ANALYSIS = YES;
				CLANG_WARN_STRICT_PROTOTYPES = YES;
				CLANG_WARN_SUSPICIOUS_MOVE = YES;
				CLANG_WARN_UNGUARDED_AVAILABILITY = YES_AGGRESSIVE;
				CLANG_WARN_UNREACHABLE_CODE = YES;
				CLANG_WARN__DUPLICATE_METHOD_MATCH = YES;
				COPY_PHASE_STRIP = NO;
				DEBUG_INFORMATION_FORMAT = dwarf;
				ENABLE_STRICT_OBJC_MSGSEND = YES;
				ENABLE_TESTABILITY = YES;
				GCC_C_LANGUAGE_STANDARD = gnu11;
				GCC_DYNAMIC_NO_PIC = NO;
				GCC_NO_COMMON_BLOCKS = YES;
				GCC_OPTIMIZATION_LEVEL = 0;
				GCC_PREPROCESSOR_DEFINITIONS = (
					"DEBUG=1",
					"$(inherited)",
				);
				GCC_WARN_64_TO_32_BIT_CONVERSION = YES;
				GCC_WARN_ABOUT_RETURN_TYPE = YES_ERROR;
				GCC_WARN_UNDECLARED_SELECTOR = YES;
				GCC_WARN_UNINITIALIZED_AUTOS = YES_AGGRESSIVE;
				GCC_WARN_UNUSED_FUNCTION = YES;
				GCC_WARN_UNUSED_VARIABLE = YES;
				IPHONEOS_DEPLOYMENT_TARGET = 14.3;
				MTL_ENABLE_DEBUG_INFO = INCLUDE_SOURCE;
				MTL_FAST_MATH = YES;
				ONLY_ACTIVE_ARCH = YES;
				SDKROOT = iphoneos;
				SWIFT_ACTIVE_COMPILATION_CONDITIONS = DEBUG;
				SWIFT_OPTIMIZATION_LEVEL = "-Onone";
			};
			name = Debug;
		};
		27F3774C25B73DF300F366AD /* Release */ = {
			isa = XCBuildConfiguration;
			buildSettings = {
				ALWAYS_SEARCH_USER_PATHS = NO;
				CLANG_ANALYZER_NONNULL = YES;
				CLANG_ANALYZER_NUMBER_OBJECT_CONVERSION = YES_AGGRESSIVE;
				CLANG_CXX_LANGUAGE_STANDARD = "gnu++14";
				CLANG_CXX_LIBRARY = "libc++";
				CLANG_ENABLE_MODULES = YES;
				CLANG_ENABLE_OBJC_ARC = YES;
				CLANG_ENABLE_OBJC_WEAK = YES;
				CLANG_WARN_BLOCK_CAPTURE_AUTORELEASING = YES;
				CLANG_WARN_BOOL_CONVERSION = YES;
				CLANG_WARN_COMMA = YES;
				CLANG_WARN_CONSTANT_CONVERSION = YES;
				CLANG_WARN_DEPRECATED_OBJC_IMPLEMENTATIONS = YES;
				CLANG_WARN_DIRECT_OBJC_ISA_USAGE = YES_ERROR;
				CLANG_WARN_DOCUMENTATION_COMMENTS = YES;
				CLANG_WARN_EMPTY_BODY = YES;
				CLANG_WARN_ENUM_CONVERSION = YES;
				CLANG_WARN_INFINITE_RECURSION = YES;
				CLANG_WARN_INT_CONVERSION = YES;
				CLANG_WARN_NON_LITERAL_NULL_CONVERSION = YES;
				CLANG_WARN_OBJC_IMPLICIT_RETAIN_SELF = YES;
				CLANG_WARN_OBJC_LITERAL_CONVERSION = YES;
				CLANG_WARN_OBJC_ROOT_CLASS = YES_ERROR;
				CLANG_WARN_QUOTED_INCLUDE_IN_FRAMEWORK_HEADER = YES;
				CLANG_WARN_RANGE_LOOP_ANALYSIS = YES;
				CLANG_WARN_STRICT_PROTOTYPES = YES;
				CLANG_WARN_SUSPICIOUS_MOVE = YES;
				CLANG_WARN_UNGUARDED_AVAILABILITY = YES_AGGRESSIVE;
				CLANG_WARN_UNREACHABLE_CODE = YES;
				CLANG_WARN__DUPLICATE_METHOD_MATCH = YES;
				COPY_PHASE_STRIP = NO;
				DEBUG_INFORMATION_FORMAT = "dwarf-with-dsym";
				ENABLE_NS_ASSERTIONS = NO;
				ENABLE_STRICT_OBJC_MSGSEND = YES;
				GCC_C_LANGUAGE_STANDARD = gnu11;
				GCC_NO_COMMON_BLOCKS = YES;
				GCC_WARN_64_TO_32_BIT_CONVERSION = YES;
				GCC_WARN_ABOUT_RETURN_TYPE = YES_ERROR;
				GCC_WARN_UNDECLARED_SELECTOR = YES;
				GCC_WARN_UNINITIALIZED_AUTOS = YES_AGGRESSIVE;
				GCC_WARN_UNUSED_FUNCTION = YES;
				GCC_WARN_UNUSED_VARIABLE = YES;
				IPHONEOS_DEPLOYMENT_TARGET = 14.3;
				MTL_ENABLE_DEBUG_INFO = NO;
				MTL_FAST_MATH = YES;
				SDKROOT = iphoneos;
				SWIFT_COMPILATION_MODE = wholemodule;
				SWIFT_OPTIMIZATION_LEVEL = "-O";
				VALIDATE_PRODUCT = YES;
			};
			name = Release;
		};
		27F3774E25B73DF300F366AD /* Debug */ = {
			isa = XCBuildConfiguration;
			buildSettings = {
				ASSETCATALOG_COMPILER_APPICON_NAME = AppIcon;
				ASSETCATALOG_COMPILER_GLOBAL_ACCENT_COLOR_NAME = AccentColor;
				CODE_SIGN_STYLE = Automatic;
				DEVELOPMENT_TEAM = 6BGZ2P844G;
				INFOPLIST_FILE = tableView/Info.plist;
				LD_RUNPATH_SEARCH_PATHS = (
					"$(inherited)",
					"@executable_path/Frameworks",
				);
				PRODUCT_BUNDLE_IDENTIFIER = com.jamking.tableView;
				PRODUCT_NAME = "$(TARGET_NAME)";
				SWIFT_VERSION = 5.0;
				TARGETED_DEVICE_FAMILY = "1,2";
			};
			name = Debug;
		};
		27F3774F25B73DF300F366AD /* Release */ = {
			isa = XCBuildConfiguration;
			buildSettings = {
				ASSETCATALOG_COMPILER_APPICON_NAME = AppIcon;
				ASSETCATALOG_COMPILER_GLOBAL_ACCENT_COLOR_NAME = AccentColor;
				CODE_SIGN_STYLE = Automatic;
				DEVELOPMENT_TEAM = 6BGZ2P844G;
				INFOPLIST_FILE = tableView/Info.plist;
				LD_RUNPATH_SEARCH_PATHS = (
					"$(inherited)",
					"@executable_path/Frameworks",
				);
				PRODUCT_BUNDLE_IDENTIFIER = com.jamking.tableView;
				PRODUCT_NAME = "$(TARGET_NAME)";
				SWIFT_VERSION = 5.0;
				TARGETED_DEVICE_FAMILY = "1,2";
			};
			name = Release;
		};
/* End XCBuildConfiguration section */

/* Begin XCConfigurationList section */
		27F3773425B73DF100F366AD /* Build configuration list for PBXProject "tableView" */ = {
			isa = XCConfigurationList;
			buildConfigurations = (
				27F3774B25B73DF300F366AD /* Debug */,
				27F3774C25B73DF300F366AD /* Release */,
			);
			defaultConfigurationIsVisible = 0;
			defaultConfigurationName = Release;
		};
		27F3774D25B73DF300F366AD /* Build configuration list for PBXNativeTarget "tableView" */ = {
			isa = XCConfigurationList;
			buildConfigurations = (
				27F3774E25B73DF300F366AD /* Debug */,
				27F3774F25B73DF300F366AD /* Release */,
			);
			defaultConfigurationIsVisible = 0;
			defaultConfigurationName = Release;
		};
/* End XCConfigurationList section */
	};
	rootObject = 27F3773125B73DF100F366AD /* Project object */;
}
